
Microsoft Visual Studio Solution File, Format Version 12.00
# Visual Studio 15
VisualStudioVersion = 15.0.27130.2010
MinimumVisualStudioVersion = 10.0.40219.1
Project("{FAE04EC0-301F-11D3-BF4B-00C04F79EFBC}") = "NetStatus.Android", "NetStatus\NetStatus.Android\NetStatus.Android.csproj", "{3B66B81D-124B-46C3-9323-26B862F8E2BB}"
EndProject
Project("{FAE04EC0-301F-11D3-BF4B-00C04F79EFBC}") = "NetStatus.iOS", "NetStatus\NetStatus.iOS\NetStatus.iOS.csproj", "{B28A02DC-25E5-4C0D-8D89-E61EBA7DCEEC}"
EndProject
Project("{FAE04EC0-301F-11D3-BF4B-00C04F79EFBC}") = "NetStatus.UWP", "NetStatus\NetStatus.UWP\NetStatus.UWP.csproj", "{E8089F01-9FB3-4755-8F8A-B496D14FBA39}"
EndProject
Project("{FAE04EC0-301F-11D3-BF4B-00C04F79EFBC}") = "NetStatus", "NetStatus\NetStatus\NetStatus.csproj", "{7E629D70-B09C-4E56-87D0-83F74036E77D}"
EndProject
Global
	GlobalSection(SolutionConfigurationPlatforms) = preSolution
		Ad-Hoc|Any CPU = Ad-Hoc|Any CPU
		Ad-Hoc|ARM = Ad-Hoc|ARM
		Ad-Hoc|iPhone = Ad-Hoc|iPhone
		Ad-Hoc|iPhoneSimulator = Ad-Hoc|iPhoneSimulator
		Ad-Hoc|x64 = Ad-Hoc|x64
		Ad-Hoc|x86 = Ad-Hoc|x86
		AppStore|Any CPU = AppStore|Any CPU
		AppStore|ARM = AppStore|ARM
		AppStore|iPhone = AppStore|iPhone
		AppStore|iPhoneSimulator = AppStore|iPhoneSimulator
		AppStore|x64 = AppStore|x64
		AppStore|x86 = AppStore|x86
		Debug|Any CPU = Debug|Any CPU
		Debug|ARM = Debug|ARM
		Debug|iPhone = Debug|iPhone
		Debug|iPhoneSimulator = Debug|iPhoneSimulator
		Debug|x64 = Debug|x64
		Debug|x86 = Debug|x86
		Release|Any CPU = Release|Any CPU
		Release|ARM = Release|ARM
		Release|iPhone = Release|iPhone
		Release|iPhoneSimulator = Release|iPhoneSimulator
		Release|x64 = Release|x64
		Release|x86 = Release|x86
	EndGlobalSection
	GlobalSection(ProjectConfigurationPlatforms) = postSolution
		{3B66B81D-124B-46C3-9323-26B862F8E2BB}.Ad-Hoc|Any CPU.ActiveCfg = Release|Any CPU
		{3B66B81D-124B-46C3-9323-26B862F8E2BB}.Ad-Hoc|Any CPU.Build.0 = Release|Any CPU
		{3B66B81D-124B-46C3-9323-26B862F8E2BB}.Ad-Hoc|Any CPU.Deploy.0 = Release|Any CPU
		{3B66B81D-124B-46C3-9323-26B862F8E2BB}.Ad-Hoc|ARM.ActiveCfg = Release|Any CPU
		{3B66B81D-124B-46C3-9323-26B862F8E2BB}.Ad-Hoc|ARM.Build.0 = Release|Any CPU
		{3B66B81D-124B-46C3-9323-26B862F8E2BB}.Ad-Hoc|ARM.Deploy.0 = Release|Any CPU
		{3B66B81D-124B-46C3-9323-26B862F8E2BB}.Ad-Hoc|iPhone.ActiveCfg = Release|Any CPU
		{3B66B81D-124B-46C3-9323-26B862F8E2BB}.Ad-Hoc|iPhone.Build.0 = Release|Any CPU
		{3B66B81D-124B-46C3-9323-26B862F8E2BB}.Ad-Hoc|iPhone.Deploy.0 = Release|Any CPU
		{3B66B81D-124B-46C3-9323-26B862F8E2BB}.Ad-Hoc|iPhoneSimulator.ActiveCfg = Release|Any CPU
		{3B66B81D-124B-46C3-9323-26B862F8E2BB}.Ad-Hoc|iPhoneSimulator.Build.0 = Release|Any CPU
		{3B66B81D-124B-46C3-9323-26B862F8E2BB}.Ad-Hoc|iPhoneSimulator.Deploy.0 = Release|Any CPU
		{3B66B81D-124B-46C3-9323-26B862F8E2BB}.Ad-Hoc|x64.ActiveCfg = Release|Any CPU
		{3B66B81D-124B-46C3-9323-26B862F8E2BB}.Ad-Hoc|x64.Build.0 = Release|Any CPU
		{3B66B81D-124B-46C3-9323-26B862F8E2BB}.Ad-Hoc|x64.Deploy.0 = Release|Any CPU
		{3B66B81D-124B-46C3-9323-26B862F8E2BB}.Ad-Hoc|x86.ActiveCfg = Release|Any CPU
		{3B66B81D-124B-46C3-9323-26B862F8E2BB}.Ad-Hoc|x86.Build.0 = Release|Any CPU
		{3B66B81D-124B-46C3-9323-26B862F8E2BB}.Ad-Hoc|x86.Deploy.0 = Release|Any CPU
		{3B66B81D-124B-46C3-9323-26B862F8E2BB}.AppStore|Any CPU.ActiveCfg = Release|Any CPU
		{3B66B81D-124B-46C3-9323-26B862F8E2BB}.AppStore|Any CPU.Build.0 = Release|Any CPU
		{3B66B81D-124B-46C3-9323-26B862F8E2BB}.AppStore|Any CPU.Deploy.0 = Release|Any CPU
		{3B66B81D-124B-46C3-9323-26B862F8E2BB}.AppStore|ARM.ActiveCfg = Release|Any CPU
		{3B66B81D-124B-46C3-9323-26B862F8E2BB}.AppStore|ARM.Build.0 = Release|Any CPU
		{3B66B81D-124B-46C3-9323-26B862F8E2BB}.AppStore|ARM.Deploy.0 = Release|Any CPU
		{3B66B81D-124B-46C3-9323-26B862F8E2BB}.AppStore|iPhone.ActiveCfg = Release|Any CPU
		{3B66B81D-124B-46C3-9323-26B862F8E2BB}.AppStore|iPhone.Build.0 = Release|Any CPU
		{3B66B81D-124B-46C3-9323-26B862F8E2BB}.AppStore|iPhone.Deploy.0 = Release|Any CPU
		{3B66B81D-124B-46C3-9323-26B862F8E2BB}.AppStore|iPhoneSimulator.ActiveCfg = Release|Any CPU
		{3B66B81D-124B-46C3-9323-26B862F8E2BB}.AppStore|iPhoneSimulator.Build.0 = Release|Any CPU
		{3B66B81D-124B-46C3-9323-26B862F8E2BB}.AppStore|iPhoneSimulator.Deploy.0 = Release|Any CPU
		{3B66B81D-124B-46C3-9323-26B862F8E2BB}.AppStore|x64.ActiveCfg = Release|Any CPU
		{3B66B81D-124B-46C3-9323-26B862F8E2BB}.AppStore|x64.Build.0 = Release|Any CPU
		{3B66B81D-124B-46C3-9323-26B862F8E2BB}.AppStore|x64.Deploy.0 = Release|Any CPU
		{3B66B81D-124B-46C3-9323-26B862F8E2BB}.AppStore|x86.ActiveCfg = Release|Any CPU
		{3B66B81D-124B-46C3-9323-26B862F8E2BB}.AppStore|x86.Build.0 = Release|Any CPU
		{3B66B81D-124B-46C3-9323-26B862F8E2BB}.AppStore|x86.Deploy.0 = Release|Any CPU
		{3B66B81D-124B-46C3-9323-26B862F8E2BB}.Debug|Any CPU.ActiveCfg = Debug|Any CPU
		{3B66B81D-124B-46C3-9323-26B862F8E2BB}.Debug|Any CPU.Build.0 = Debug|Any CPU
		{3B66B81D-124B-46C3-9323-26B862F8E2BB}.Debug|Any CPU.Deploy.0 = Debug|Any CPU
		{3B66B81D-124B-46C3-9323-26B862F8E2BB}.Debug|ARM.ActiveCfg = Debug|Any CPU
		{3B66B81D-124B-46C3-9323-26B862F8E2BB}.Debug|ARM.Build.0 = Debug|Any CPU
		{3B66B81D-124B-46C3-9323-26B862F8E2BB}.Debug|ARM.Deploy.0 = Debug|Any CPU
		{3B66B81D-124B-46C3-9323-26B862F8E2BB}.Debug|iPhone.ActiveCfg = Debug|Any CPU
		{3B66B81D-124B-46C3-9323-26B862F8E2BB}.Debug|iPhone.Build.0 = Debug|Any CPU
		{3B66B81D-124B-46C3-9323-26B862F8E2BB}.Debug|iPhone.Deploy.0 = Debug|Any CPU
		{3B66B81D-124B-46C3-9323-26B862F8E2BB}.Debug|iPhoneSimulator.ActiveCfg = Debug|Any CPU
		{3B66B81D-124B-46C3-9323-26B862F8E2BB}.Debug|iPhoneSimulator.Build.0 = Debug|Any CPU
		{3B66B81D-124B-46C3-9323-26B862F8E2BB}.Debug|iPhoneSimulator.Deploy.0 = Debug|Any CPU
		{3B66B81D-124B-46C3-9323-26B862F8E2BB}.Debug|x64.ActiveCfg = Debug|Any CPU
		{3B66B81D-124B-46C3-9323-26B862F8E2BB}.Debug|x64.Build.0 = Debug|Any CPU
		{3B66B81D-124B-46C3-9323-26B862F8E2BB}.Debug|x64.Deploy.0 = Debug|Any CPU
		{3B66B81D-124B-46C3-9323-26B862F8E2BB}.Debug|x86.ActiveCfg = Debug|Any CPU
		{3B66B81D-124B-46C3-9323-26B862F8E2BB}.Debug|x86.Build.0 = Debug|Any CPU
		{3B66B81D-124B-46C3-9323-26B862F8E2BB}.Debug|x86.Deploy.0 = Debug|Any CPU
		{3B66B81D-124B-46C3-9323-26B862F8E2BB}.Release|Any CPU.ActiveCfg = Release|Any CPU
		{3B66B81D-124B-46C3-9323-26B862F8E2BB}.Release|Any CPU.Build.0 = Release|Any CPU
		{3B66B81D-124B-46C3-9323-26B862F8E2BB}.Release|Any CPU.Deploy.0 = Release|Any CPU
		{3B66B81D-124B-46C3-9323-26B862F8E2BB}.Release|ARM.ActiveCfg = Release|Any CPU
		{3B66B81D-124B-46C3-9323-26B862F8E2BB}.Release|ARM.Build.0 = Release|Any CPU
		{3B66B81D-124B-46C3-9323-26B862F8E2BB}.Release|ARM.Deploy.0 = Release|Any CPU
		{3B66B81D-124B-46C3-9323-26B862F8E2BB}.Release|iPhone.ActiveCfg = Release|Any CPU
		{3B66B81D-124B-46C3-9323-26B862F8E2BB}.Release|iPhone.Build.0 = Release|Any CPU
		{3B66B81D-124B-46C3-9323-26B862F8E2BB}.Release|iPhone.Deploy.0 = Release|Any CPU
		{3B66B81D-124B-46C3-9323-26B862F8E2BB}.Release|iPhoneSimulator.ActiveCfg = Release|Any CPU
		{3B66B81D-124B-46C3-9323-26B862F8E2BB}.Release|iPhoneSimulator.Build.0 = Release|Any CPU
		{3B66B81D-124B-46C3-9323-26B862F8E2BB}.Release|iPhoneSimulator.Deploy.0 = Release|Any CPU
		{3B66B81D-124B-46C3-9323-26B862F8E2BB}.Release|x64.ActiveCfg = Release|Any CPU
		{3B66B81D-124B-46C3-9323-26B862F8E2BB}.Release|x64.Build.0 = Release|Any CPU
		{3B66B81D-124B-46C3-9323-26B862F8E2BB}.Release|x64.Deploy.0 = Release|Any CPU
		{3B66B81D-124B-46C3-9323-26B862F8E2BB}.Release|x86.ActiveCfg = Release|Any CPU
		{3B66B81D-124B-46C3-9323-26B862F8E2BB}.Release|x86.Build.0 = Release|Any CPU
		{3B66B81D-124B-46C3-9323-26B862F8E2BB}.Release|x86.Deploy.0 = Release|Any CPU
		{B28A02DC-25E5-4C0D-8D89-E61EBA7DCEEC}.Ad-Hoc|Any CPU.ActiveCfg = Ad-Hoc|iPhone
		{B28A02DC-25E5-4C0D-8D89-E61EBA7DCEEC}.Ad-Hoc|ARM.ActiveCfg = Ad-Hoc|iPhone
		{B28A02DC-25E5-4C0D-8D89-E61EBA7DCEEC}.Ad-Hoc|iPhone.ActiveCfg = Ad-Hoc|iPhone
		{B28A02DC-25E5-4C0D-8D89-E61EBA7DCEEC}.Ad-Hoc|iPhone.Build.0 = Ad-Hoc|iPhone
		{B28A02DC-25E5-4C0D-8D89-E61EBA7DCEEC}.Ad-Hoc|iPhoneSimulator.ActiveCfg = Ad-Hoc|iPhoneSimulator
		{B28A02DC-25E5-4C0D-8D89-E61EBA7DCEEC}.Ad-Hoc|iPhoneSimulator.Build.0 = Ad-Hoc|iPhoneSimulator
		{B28A02DC-25E5-4C0D-8D89-E61EBA7DCEEC}.Ad-Hoc|x64.ActiveCfg = Ad-Hoc|iPhone
		{B28A02DC-25E5-4C0D-8D89-E61EBA7DCEEC}.Ad-Hoc|x86.ActiveCfg = Ad-Hoc|iPhone
		{B28A02DC-25E5-4C0D-8D89-E61EBA7DCEEC}.AppStore|Any CPU.ActiveCfg = AppStore|iPhone
		{B28A02DC-25E5-4C0D-8D89-E61EBA7DCEEC}.AppStore|ARM.ActiveCfg = AppStore|iPhone
		{B28A02DC-25E5-4C0D-8D89-E61EBA7DCEEC}.AppStore|iPhone.ActiveCfg = AppStore|iPhone
		{B28A02DC-25E5-4C0D-8D89-E61EBA7DCEEC}.AppStore|iPhone.Build.0 = AppStore|iPhone
		{B28A02DC-25E5-4C0D-8D89-E61EBA7DCEEC}.AppStore|iPhoneSimulator.ActiveCfg = AppStore|iPhoneSimulator
		{B28A02DC-25E5-4C0D-8D89-E61EBA7DCEEC}.AppStore|iPhoneSimulator.Build.0 = AppStore|iPhoneSimulator
		{B28A02DC-25E5-4C0D-8D89-E61EBA7DCEEC}.AppStore|x64.ActiveCfg = AppStore|iPhone
		{B28A02DC-25E5-4C0D-8D89-E61EBA7DCEEC}.AppStore|x86.ActiveCfg = AppStore|iPhone
		{B28A02DC-25E5-4C0D-8D89-E61EBA7DCEEC}.Debug|Any CPU.ActiveCfg = Debug|iPhone
		{B28A02DC-25E5-4C0D-8D89-E61EBA7DCEEC}.Debug|ARM.ActiveCfg = Debug|iPhone
		{B28A02DC-25E5-4C0D-8D89-E61EBA7DCEEC}.Debug|iPhone.ActiveCfg = Debug|iPhone
		{B28A02DC-25E5-4C0D-8D89-E61EBA7DCEEC}.Debug|iPhone.Build.0 = Debug|iPhone
		{B28A02DC-25E5-4C0D-8D89-E61EBA7DCEEC}.Debug|iPhoneSimulator.ActiveCfg = Debug|iPhoneSimulator
		{B28A02DC-25E5-4C0D-8D89-E61EBA7DCEEC}.Debug|iPhoneSimulator.Build.0 = Debug|iPhoneSimulator
		{B28A02DC-25E5-4C0D-8D89-E61EBA7DCEEC}.Debug|x64.ActiveCfg = Debug|iPhone
		{B28A02DC-25E5-4C0D-8D89-E61EBA7DCEEC}.Debug|x86.ActiveCfg = Debug|iPhone
		{B28A02DC-25E5-4C0D-8D89-E61EBA7DCEEC}.Release|Any CPU.ActiveCfg = Release|iPhone
		{B28A02DC-25E5-4C0D-8D89-E61EBA7DCEEC}.Release|ARM.ActiveCfg = Release|iPhone
		{B28A02DC-25E5-4C0D-8D89-E61EBA7DCEEC}.Release|iPhone.ActiveCfg = Release|iPhone
		{B28A02DC-25E5-4C0D-8D89-E61EBA7DCEEC}.Release|iPhone.Build.0 = Release|iPhone
		{B28A02DC-25E5-4C0D-8D89-E61EBA7DCEEC}.Release|iPhoneSimulator.ActiveCfg = Release|iPhoneSimulator
		{B28A02DC-25E5-4C0D-8D89-E61EBA7DCEEC}.Release|iPhoneSimulator.Build.0 = Release|iPhoneSimulator
		{B28A02DC-25E5-4C0D-8D89-E61EBA7DCEEC}.Release|x64.ActiveCfg = Release|iPhone
		{B28A02DC-25E5-4C0D-8D89-E61EBA7DCEEC}.Release|x86.ActiveCfg = Release|iPhone
		{E8089F01-9FB3-4755-8F8A-B496D14FBA39}.Ad-Hoc|Any CPU.ActiveCfg = Release|x86
		{E8089F01-9FB3-4755-8F8A-B496D14FBA39}.Ad-Hoc|Any CPU.Build.0 = Release|x86
		{E8089F01-9FB3-4755-8F8A-B496D14FBA39}.Ad-Hoc|Any CPU.Deploy.0 = Release|x86
		{E8089F01-9FB3-4755-8F8A-B496D14FBA39}.Ad-Hoc|ARM.ActiveCfg = Release|ARM
		{E8089F01-9FB3-4755-8F8A-B496D14FBA39}.Ad-Hoc|ARM.Build.0 = Release|ARM
		{E8089F01-9FB3-4755-8F8A-B496D14FBA39}.Ad-Hoc|ARM.Deploy.0 = Release|ARM
		{E8089F01-9FB3-4755-8F8A-B496D14FBA39}.Ad-Hoc|iPhone.ActiveCfg = Release|x86
		{E8089F01-9FB3-4755-8F8A-B496D14FBA39}.Ad-Hoc|iPhone.Build.0 = Release|x86
		{E8089F01-9FB3-4755-8F8A-B496D14FBA39}.Ad-Hoc|iPhone.Deploy.0 = Release|x86
		{E8089F01-9FB3-4755-8F8A-B496D14FBA39}.Ad-Hoc|iPhoneSimulator.ActiveCfg = Release|x86
		{E8089F01-9FB3-4755-8F8A-B496D14FBA39}.Ad-Hoc|iPhoneSimulator.Build.0 = Release|x86
		{E8089F01-9FB3-4755-8F8A-B496D14FBA39}.Ad-Hoc|iPhoneSimulator.Deploy.0 = Release|x86
		{E8089F01-9FB3-4755-8F8A-B496D14FBA39}.Ad-Hoc|x64.ActiveCfg = Release|x64
		{E8089F01-9FB3-4755-8F8A-B496D14FBA39}.Ad-Hoc|x64.Build.0 = Release|x64
		{E8089F01-9FB3-4755-8F8A-B496D14FBA39}.Ad-Hoc|x64.Deploy.0 = Release|x64
		{E8089F01-9FB3-4755-8F8A-B496D14FBA39}.Ad-Hoc|x86.ActiveCfg = Release|x86
		{E8089F01-9FB3-4755-8F8A-B496D14FBA39}.Ad-Hoc|x86.Build.0 = Release|x86
		{E8089F01-9FB3-4755-8F8A-B496D14FBA39}.Ad-Hoc|x86.Deploy.0 = Release|x86
		{E8089F01-9FB3-4755-8F8A-B496D14FBA39}.AppStore|Any CPU.ActiveCfg = Release|x86
		{E8089F01-9FB3-4755-8F8A-B496D14FBA39}.AppStore|Any CPU.Build.0 = Release|x86
		{E8089F01-9FB3-4755-8F8A-B496D14FBA39}.AppStore|Any CPU.Deploy.0 = Release|x86
		{E8089F01-9FB3-4755-8F8A-B496D14FBA39}.AppStore|ARM.ActiveCfg = Release|ARM
		{E8089F01-9FB3-4755-8F8A-B496D14FBA39}.AppStore|ARM.Build.0 = Release|ARM
		{E8089F01-9FB3-4755-8F8A-B496D14FBA39}.AppStore|ARM.Deploy.0 = Release|ARM
		{E8089F01-9FB3-4755-8F8A-B496D14FBA39}.AppStore|iPhone.ActiveCfg = Release|x86
		{E8089F01-9FB3-4755-8F8A-B496D14FBA39}.AppStore|iPhone.Build.0 = Release|x86
		{E8089F01-9FB3-4755-8F8A-B496D14FBA39}.AppStore|iPhone.Deploy.0 = Release|x86
		{E8089F01-9FB3-4755-8F8A-B496D14FBA39}.AppStore|iPhoneSimulator.ActiveCfg = Release|x86
		{E8089F01-9FB3-4755-8F8A-B496D14FBA39}.AppStore|iPhoneSimulator.Build.0 = Release|x86
		{E8089F01-9FB3-4755-8F8A-B496D14FBA39}.AppStore|iPhoneSimulator.Deploy.0 = Release|x86
		{E8089F01-9FB3-4755-8F8A-B496D14FBA39}.AppStore|x64.ActiveCfg = Release|x64
		{E8089F01-9FB3-4755-8F8A-B496D14FBA39}.AppStore|x64.Build.0 = Release|x64
		{E8089F01-9FB3-4755-8F8A-B496D14FBA39}.AppStore|x64.Deploy.0 = Release|x64
		{E8089F01-9FB3-4755-8F8A-B496D14FBA39}.AppStore|x86.ActiveCfg = Release|x86
		{E8089F01-9FB3-4755-8F8A-B496D14FBA39}.AppStore|x86.Build.0 = Release|x86
		{E8089F01-9FB3-4755-8F8A-B496D14FBA39}.AppStore|x86.Deploy.0 = Release|x86
		{E8089F01-9FB3-4755-8F8A-B496D14FBA39}.Debug|Any CPU.ActiveCfg = Debug|x86
		{E8089F01-9FB3-4755-8F8A-B496D14FBA39}.Debug|ARM.ActiveCfg = Debug|ARM
		{E8089F01-9FB3-4755-8F8A-B496D14FBA39}.Debug|ARM.Build.0 = Debug|ARM
		{E8089F01-9FB3-4755-8F8A-B496D14FBA39}.Debug|ARM.Deploy.0 = Debug|ARM
		{E8089F01-9FB3-4755-8F8A-B496D14FBA39}.Debug|iPhone.ActiveCfg = Debug|x86
		{E8089F01-9FB3-4755-8F8A-B496D14FBA39}.Debug|iPhoneSimulator.ActiveCfg = Debug|x86
		{E8089F01-9FB3-4755-8F8A-B496D14FBA39}.Debug|x64.ActiveCfg = Debug|x64
		{E8089F01-9FB3-4755-8F8A-B496D14FBA39}.Debug|x64.Build.0 = Debug|x64
		{E8089F01-9FB3-4755-8F8A-B496D14FBA39}.Debug|x64.Deploy.0 = Debug|x64
		{E8089F01-9FB3-4755-8F8A-B496D14FBA39}.Debug|x86.ActiveCfg = Debug|x86
		{E8089F01-9FB3-4755-8F8A-B496D14FBA39}.Debug|x86.Build.0 = Debug|x86
		{E8089F01-9FB3-4755-8F8A-B496D14FBA39}.Debug|x86.Deploy.0 = Debug|x86
		{E8089F01-9FB3-4755-8F8A-B496D14FBA39}.Release|Any CPU.ActiveCfg = Release|x86
		{E8089F01-9FB3-4755-8F8A-B496D14FBA39}.Release|ARM.ActiveCfg = Release|ARM
		{E8089F01-9FB3-4755-8F8A-B496D14FBA39}.Release|ARM.Build.0 = Release|ARM
		{E8089F01-9FB3-4755-8F8A-B496D14FBA39}.Release|ARM.Deploy.0 = Release|ARM
		{E8089F01-9FB3-4755-8F8A-B496D14FBA39}.Release|iPhone.ActiveCfg = Release|x86
		{E8089F01-9FB3-4755-8F8A-B496D14FBA39}.Release|iPhoneSimulator.ActiveCfg = Release|x86
		{E8089F01-9FB3-4755-8F8A-B496D14FBA39}.Release|x64.ActiveCfg = Release|x64
		{E8089F01-9FB3-4755-8F8A-B496D14FBA39}.Release|x64.Build.0 = Release|x64
		{E8089F01-9FB3-4755-8F8A-B496D14FBA39}.Release|x64.Deploy.0 = Release|x64
		{E8089F01-9FB3-4755-8F8A-B496D14FBA39}.Release|x86.ActiveCfg = Release|x86
		{E8089F01-9FB3-4755-8F8A-B496D14FBA39}.Release|x86.Build.0 = Release|x86
		{E8089F01-9FB3-4755-8F8A-B496D14FBA39}.Release|x86.Deploy.0 = Release|x86
		{7E629D70-B09C-4E56-87D0-83F74036E77D}.Ad-Hoc|Any CPU.ActiveCfg = Debug|Any CPU
		{7E629D70-B09C-4E56-87D0-83F74036E77D}.Ad-Hoc|Any CPU.Build.0 = Debug|Any CPU
		{7E629D70-B09C-4E56-87D0-83F74036E77D}.Ad-Hoc|ARM.ActiveCfg = Debug|Any CPU
		{7E629D70-B09C-4E56-87D0-83F74036E77D}.Ad-Hoc|ARM.Build.0 = Debug|Any CPU
		{7E629D70-B09C-4E56-87D0-83F74036E77D}.Ad-Hoc|iPhone.ActiveCfg = Debug|Any CPU
		{7E629D70-B09C-4E56-87D0-83F74036E77D}.Ad-Hoc|iPhone.Build.0 = Debug|Any CPU
		{7E629D70-B09C-4E56-87D0-83F74036E77D}.Ad-Hoc|iPhoneSimulator.ActiveCfg = Debug|Any CPU
		{7E629D70-B09C-4E56-87D0-83F74036E77D}.Ad-Hoc|iPhoneSimulator.Build.0 = Debug|Any CPU
		{7E629D70-B09C-4E56-87D0-83F74036E77D}.Ad-Hoc|x64.ActiveCfg = Debug|Any CPU
		{7E629D70-B09C-4E56-87D0-83F74036E77D}.Ad-Hoc|x64.Build.0 = Debug|Any CPU
		{7E629D70-B09C-4E56-87D0-83F74036E77D}.Ad-Hoc|x86.ActiveCfg = Debug|Any CPU
		{7E629D70-B09C-4E56-87D0-83F74036E77D}.Ad-Hoc|x86.Build.0 = Debug|Any CPU
		{7E629D70-B09C-4E56-87D0-83F74036E77D}.AppStore|Any CPU.ActiveCfg = Debug|Any CPU
		{7E629D70-B09C-4E56-87D0-83F74036E77D}.AppStore|Any CPU.Build.0 = Debug|Any CPU
		{7E629D70-B09C-4E56-87D0-83F74036E77D}.AppStore|ARM.ActiveCfg = Debug|Any CPU
		{7E629D70-B09C-4E56-87D0-83F74036E77D}.AppStore|ARM.Build.0 = Debug|Any CPU
		{7E629D70-B09C-4E56-87D0-83F74036E77D}.AppStore|iPhone.ActiveCfg = Debug|Any CPU
		{7E629D70-B09C-4E56-87D0-83F74036E77D}.AppStore|iPhone.Build.0 = Debug|Any CPU
		{7E629D70-B09C-4E56-87D0-83F74036E77D}.AppStore|iPhoneSimulator.ActiveCfg = Debug|Any CPU
		{7E629D70-B09C-4E56-87D0-83F74036E77D}.AppStore|iPhoneSimulator.Build.0 = Debug|Any CPU
		{7E629D70-B09C-4E56-87D0-83F74036E77D}.AppStore|x64.ActiveCfg = Debug|Any CPU
		{7E629D70-B09C-4E56-87D0-83F74036E77D}.AppStore|x64.Build.0 = Debug|Any CPU
		{7E629D70-B09C-4E56-87D0-83F74036E77D}.AppStore|x86.ActiveCfg = Debug|Any CPU
		{7E629D70-B09C-4E56-87D0-83F74036E77D}.AppStore|x86.Build.0 = Debug|Any CPU
		{7E629D70-B09C-4E56-87D0-83F74036E77D}.Debug|Any CPU.ActiveCfg = Debug|Any CPU
		{7E629D70-B09C-4E56-87D0-83F74036E77D}.Debug|Any CPU.Build.0 = Debug|Any CPU
		{7E629D70-B09C-4E56-87D0-83F74036E77D}.Debug|ARM.ActiveCfg = Debug|Any CPU
		{7E629D70-B09C-4E56-87D0-83F74036E77D}.Debug|ARM.Build.0 = Debug|Any CPU
		{7E629D70-B09C-4E56-87D0-83F74036E77D}.Debug|iPhone.ActiveCfg = Debug|Any CPU
		{7E629D70-B09C-4E56-87D0-83F74036E77D}.Debug|iPhone.Build.0 = Debug|Any CPU
		{7E629D70-B09C-4E56-87D0-83F74036E77D}.Debug|iPhoneSimulator.ActiveCfg = Debug|Any CPU
		{7E629D70-B09C-4E56-87D0-83F74036E77D}.Debug|iPhoneSimulator.Build.0 = Debug|Any CPU
		{7E629D70-B09C-4E56-87D0-83F74036E77D}.Debug|x64.ActiveCfg = Debug|Any CPU
		{7E629D70-B09C-4E56-87D0-83F74036E77D}.Debug|x64.Build.0 = Debug|Any CPU
		{7E629D70-B09C-4E56-87D0-83F74036E77D}.Debug|x86.ActiveCfg = Debug|Any CPU
		{7E629D70-B09C-4E56-87D0-83F74036E77D}.Debug|x86.Build.0 = Debug|Any CPU
		{7E629D70-B09C-4E56-87D0-83F74036E77D}.Release|Any CPU.ActiveCfg = Release|Any CPU
		{7E629D70-B09C-4E56-87D0-83F74036E77D}.Release|Any CPU.Build.0 = Release|Any CPU
		{7E629D70-B09C-4E56-87D0-83F74036E77D}.Release|ARM.ActiveCfg = Release|Any CPU
		{7E629D70-B09C-4E56-87D0-83F74036E77D}.Release|ARM.Build.0 = Release|Any CPU
		{7E629D70-B09C-4E56-87D0-83F74036E77D}.Release|iPhone.ActiveCfg = Release|Any CPU
		{7E629D70-B09C-4E56-87D0-83F74036E77D}.Release|iPhone.Build.0 = Release|Any CPU
		{7E629D70-B09C-4E56-87D0-83F74036E77D}.Release|iPhoneSimulator.ActiveCfg = Release|Any CPU
		{7E629D70-B09C-4E56-87D0-83F74036E77D}.Release|iPhoneSimulator.Build.0 = Release|Any CPU
		{7E629D70-B09C-4E56-87D0-83F74036E77D}.Release|x64.ActiveCfg = Release|Any CPU
		{7E629D70-B09C-4E56-87D0-83F74036E77D}.Release|x64.Build.0 = Release|Any CPU
		{7E629D70-B09C-4E56-87D0-83F74036E77D}.Release|x86.ActiveCfg = Release|Any CPU
		{7E629D70-B09C-4E56-87D0-83F74036E77D}.Release|x86.Build.0 = Release|Any CPU
	EndGlobalSection
	GlobalSection(SolutionProperties) = preSolution
		HideSolutionNode = FALSE
	EndGlobalSection
	GlobalSection(ExtensibilityGlobals) = postSolution
		SolutionGuid = {3166DE72-34EF-4B23-863A-A8A890972C5D}
	EndGlobalSection
EndGlobal
